// !$*UTF8*$!
{
	archiveVersion = 1;
	classes = {
	};
	objectVersion = 77;
	objects = {

/* Begin PBXContainerItemProxy section */
		E7FFFC622CCCF25F001DEEC5 /* PBXContainerItemProxy */ = {
			isa = PBXContainerItemProxy;
			containerPortal = E7FFFC472CCCF25D001DEEC5 /* Project object */;
			proxyType = 1;
			remoteGlobalIDString = E7FFFC4E2CCCF25D001DEEC5;
			remoteInfo = Valent;
		};
		E7FFFC6C2CCCF25F001DEEC5 /* PBXContainerItemProxy */ = {
			isa = PBXContainerItemProxy;
			containerPortal = E7FFFC472CCCF25D001DEEC5 /* Project object */;
			proxyType = 1;
			remoteGlobalIDString = E7FFFC4E2CCCF25D001DEEC5;
			remoteInfo = Valent;
		};
/* End PBXContainerItemProxy section */

/* Begin PBXFileReference section */
		E7FFFC4F2CCCF25D001DEEC5 /* Valent.app */ = {isa = PBXFileReference; explicitFileType = wrapper.application; includeInIndex = 0; path = Valent.app; sourceTree = BUILT_PRODUCTS_DIR; };
		E7FFFC612CCCF25F001DEEC5 /* ValentTests.xctest */ = {isa = PBXFileReference; explicitFileType = wrapper.cfbundle; includeInIndex = 0; path = ValentTests.xctest; sourceTree = BUILT_PRODUCTS_DIR; };
		E7FFFC6B2CCCF25F001DEEC5 /* ValentUITests.xctest */ = {isa = PBXFileReference; explicitFileType = wrapper.cfbundle; includeInIndex = 0; path = ValentUITests.xctest; sourceTree = BUILT_PRODUCTS_DIR; };
/* End PBXFileReference section */

/* Begin PBXFileSystemSynchronizedRootGroup section */
		E7FFFC512CCCF25D001DEEC5 /* Valent */ = {
			isa = PBXFileSystemSynchronizedRootGroup;
			path = Valent;
			sourceTree = "<group>";
		};
		E7FFFC642CCCF25F001DEEC5 /* ValentTests */ = {
			isa = PBXFileSystemSynchronizedRootGroup;
			path = ValentTests;
			sourceTree = "<group>";
		};
		E7FFFC6E2CCCF25F001DEEC5 /* ValentUITests */ = {
			isa = PBXFileSystemSynchronizedRootGroup;
			path = ValentUITests;
			sourceTree = "<group>";
		};
/* End PBXFileSystemSynchronizedRootGroup section */

/* Begin PBXFrameworksBuildPhase section */
		E7FFFC4C2CCCF25D001DEEC5 /* Frameworks */ = {
			isa = PBXFrameworksBuildPhase;
			buildActionMask = 2147483647;
			files = (
			);
			runOnlyForDeploymentPostprocessing = 0;
		};
		E7FFFC5E2CCCF25F001DEEC5 /* Frameworks */ = {
			isa = PBXFrameworksBuildPhase;
			buildActionMask = 2147483647;
			files = (
			);
			runOnlyForDeploymentPostprocessing = 0;
		};
		E7FFFC682CCCF25F001DEEC5 /* Frameworks */ = {
			isa = PBXFrameworksBuildPhase;
			buildActionMask = 2147483647;
			files = (
			);
			runOnlyForDeploymentPostprocessing = 0;
		};
/* End PBXFrameworksBuildPhase section */

/* Begin PBXGroup section */
		E7FFFC462CCCF25D001DEEC5 = {
			isa = PBXGroup;
			children = (
				E7FFFC512CCCF25D001DEEC5 /* Valent */,
				E7FFFC642CCCF25F001DEEC5 /* ValentTests */,
				E7FFFC6E2CCCF25F001DEEC5 /* ValentUITests */,
				E7FFFC502CCCF25D001DEEC5 /* Products */,
			);
			sourceTree = "<group>";
		};
		E7FFFC502CCCF25D001DEEC5 /* Products */ = {
			isa = PBXGroup;
			children = (
				E7FFFC4F2CCCF25D001DEEC5 /* Valent.app */,
				E7FFFC612CCCF25F001DEEC5 /* ValentTests.xctest */,
				E7FFFC6B2CCCF25F001DEEC5 /* ValentUITests.xctest */,
			);
			name = Products;
			sourceTree = "<group>";
		};
/* End PBXGroup section */

/* Begin PBXNativeTarget section */
		E7FFFC4E2CCCF25D001DEEC5 /* Valent */ = {
			isa = PBXNativeTarget;
			buildConfigurationList = E7FFFC752CCCF25F001DEEC5 /* Build configuration list for PBXNativeTarget "Valent" */;
			buildPhases = (
				E7FFFC4B2CCCF25D001DEEC5 /* Sources */,
				E7FFFC4C2CCCF25D001DEEC5 /* Frameworks */,
				E7FFFC4D2CCCF25D001DEEC5 /* Resources */,
			);
			buildRules = (
			);
			dependencies = (
			);
			fileSystemSynchronizedGroups = (
				E7FFFC512CCCF25D001DEEC5 /* Valent */,
			);
			name = Valent;
			packageProductDependencies = (
			);
			productName = Valent;
			productReference = E7FFFC4F2CCCF25D001DEEC5 /* Valent.app */;
			productType = "com.apple.product-type.application";
		};
		E7FFFC602CCCF25F001DEEC5 /* ValentTests */ = {
			isa = PBXNativeTarget;
			buildConfigurationList = E7FFFC782CCCF25F001DEEC5 /* Build configuration list for PBXNativeTarget "ValentTests" */;
			buildPhases = (
				E7FFFC5D2CCCF25F001DEEC5 /* Sources */,
				E7FFFC5E2CCCF25F001DEEC5 /* Frameworks */,
				E7FFFC5F2CCCF25F001DEEC5 /* Resources */,
			);
			buildRules = (
			);
			dependencies = (
				E7FFFC632CCCF25F001DEEC5 /* PBXTargetDependency */,
			);
			fileSystemSynchronizedGroups = (
				E7FFFC642CCCF25F001DEEC5 /* ValentTests */,
			);
			name = ValentTests;
			packageProductDependencies = (
			);
			productName = ValentTests;
			productReference = E7FFFC612CCCF25F001DEEC5 /* ValentTests.xctest */;
			productType = "com.apple.product-type.bundle.unit-test";
		};
		E7FFFC6A2CCCF25F001DEEC5 /* ValentUITests */ = {
			isa = PBXNativeTarget;
			buildConfigurationList = E7FFFC7B2CCCF25F001DEEC5 /* Build configuration list for PBXNativeTarget "ValentUITests" */;
			buildPhases = (
				E7FFFC672CCCF25F001DEEC5 /* Sources */,
				E7FFFC682CCCF25F001DEEC5 /* Frameworks */,
				E7FFFC692CCCF25F001DEEC5 /* Resources */,
			);
			buildRules = (
			);
			dependencies = (
				E7FFFC6D2CCCF25F001DEEC5 /* PBXTargetDependency */,
			);
			fileSystemSynchronizedGroups = (
				E7FFFC6E2CCCF25F001DEEC5 /* ValentUITests */,
			);
			name = ValentUITests;
			packageProductDependencies = (
			);
			productName = ValentUITests;
			productReference = E7FFFC6B2CCCF25F001DEEC5 /* ValentUITests.xctest */;
			productType = "com.apple.product-type.bundle.ui-testing";
		};
/* End PBXNativeTarget section */

/* Begin PBXProject section */
		E7FFFC472CCCF25D001DEEC5 /* Project object */ = {
			isa = PBXProject;
			attributes = {
				BuildIndependentTargetsInParallel = 1;
				LastSwiftUpdateCheck = 1600;
				LastUpgradeCheck = 1600;
				TargetAttributes = {
					E7FFFC4E2CCCF25D001DEEC5 = {
						CreatedOnToolsVersion = 16.0;
					};
					E7FFFC602CCCF25F001DEEC5 = {
						CreatedOnToolsVersion = 16.0;
						TestTargetID = E7FFFC4E2CCCF25D001DEEC5;
					};
					E7FFFC6A2CCCF25F001DEEC5 = {
						CreatedOnToolsVersion = 16.0;
						TestTargetID = E7FFFC4E2CCCF25D001DEEC5;
					};
				};
			};
			buildConfigurationList = E7FFFC4A2CCCF25D001DEEC5 /* Build configuration list for PBXProject "Valent" */;
			developmentRegion = en;
			hasScannedForEncodings = 0;
			knownRegions = (
				en,
				Base,
			);
			mainGroup = E7FFFC462CCCF25D001DEEC5;
			minimizedProjectReferenceProxies = 1;
			preferredProjectObjectVersion = 77;
			productRefGroup = E7FFFC502CCCF25D001DEEC5 /* Products */;
			projectDirPath = "";
			projectRoot = "";
			targets = (
				E7FFFC4E2CCCF25D001DEEC5 /* Valent */,
				E7FFFC602CCCF25F001DEEC5 /* ValentTests */,
				E7FFFC6A2CCCF25F001DEEC5 /* ValentUITests */,
			);
		};
/* End PBXProject section */

/* Begin PBXResourcesBuildPhase section */
		E7FFFC4D2CCCF25D001DEEC5 /* Resources */ = {
			isa = PBXResourcesBuildPhase;
			buildActionMask = 2147483647;
			files = (
			);
			runOnlyForDeploymentPostprocessing = 0;
		};
		E7FFFC5F2CCCF25F001DEEC5 /* Resources */ = {
			isa = PBXResourcesBuildPhase;
			buildActionMask = 2147483647;
			files = (
			);
			runOnlyForDeploymentPostprocessing = 0;
		};
		E7FFFC692CCCF25F001DEEC5 /* Resources */ = {
			isa = PBXResourcesBuildPhase;
			buildActionMask = 2147483647;
			files = (
			);
			runOnlyForDeploymentPostprocessing = 0;
		};
/* End PBXResourcesBuildPhase section */

/* Begin PBXSourcesBuildPhase section */
		E7FFFC4B2CCCF25D001DEEC5 /* Sources */ = {
			isa = PBXSourcesBuildPhase;
			buildActionMask = 2147483647;
			files = (
			);
			runOnlyForDeploymentPostprocessing = 0;
		};
		E7FFFC5D2CCCF25F001DEEC5 /* Sources */ = {
			isa = PBXSourcesBuildPhase;
			buildActionMask = 2147483647;
			files = (
			);
			runOnlyForDeploymentPostprocessing = 0;
		};
		E7FFFC672CCCF25F001DEEC5 /* Sources */ = {
			isa = PBXSourcesBuildPhase;
			buildActionMask = 2147483647;
			files = (
			);
			runOnlyForDeploymentPostprocessing = 0;
		};
/* End PBXSourcesBuildPhase section */

/* Begin PBXTargetDependency section */
		E7FFFC632CCCF25F001DEEC5 /* PBXTargetDependency */ = {
			isa = PBXTargetDependency;
			target = E7FFFC4E2CCCF25D001DEEC5 /* Valent */;
			targetProxy = E7FFFC622CCCF25F001DEEC5 /* PBXContainerItemProxy */;
		};
		E7FFFC6D2CCCF25F001DEEC5 /* PBXTargetDependency */ = {
			isa = PBXTargetDependency;
			target = E7FFFC4E2CCCF25D001DEEC5 /* Valent */;
			targetProxy = E7FFFC6C2CCCF25F001DEEC5 /* PBXContainerItemProxy */;
		};
/* End PBXTargetDependency section */

/* Begin XCBuildConfiguration section */
		E7FFFC732CCCF25F001DEEC5 /* Debug */ = {
			isa = XCBuildConfiguration;
			buildSettings = {
				ALWAYS_SEARCH_USER_PATHS = NO;
				ASSETCATALOG_COMPILER_GENERATE_SWIFT_ASSET_SYMBOL_EXTENSIONS = YES;
				CLANG_ANALYZER_NONNULL = YES;
				CLANG_ANALYZER_NUMBER_OBJECT_CONVERSION = YES_AGGRESSIVE;
				CLANG_CXX_LANGUAGE_STANDARD = "gnu++20";
				CLANG_ENABLE_MODULES = YES;
				CLANG_ENABLE_OBJC_ARC = YES;
				CLANG_ENABLE_OBJC_WEAK = YES;
				CLANG_WARN_BLOCK_CAPTURE_AUTORELEASING = YES;
				CLANG_WARN_BOOL_CONVERSION = YES;
				CLANG_WARN_COMMA = YES;
				CLANG_WARN_CONSTANT_CONVERSION = YES;
				CLANG_WARN_DEPRECATED_OBJC_IMPLEMENTATIONS = YES;
				CLANG_WARN_DIRECT_OBJC_ISA_USAGE = YES_ERROR;
				CLANG_WARN_DOCUMENTATION_COMMENTS = YES;
				CLANG_WARN_EMPTY_BODY = YES;
				CLANG_WARN_ENUM_CONVERSION = YES;
				CLANG_WARN_INFINITE_RECURSION = YES;
				CLANG_WARN_INT_CONVERSION = YES;
				CLANG_WARN_NON_LITERAL_NULL_CONVERSION = YES;
				CLANG_WARN_OBJC_IMPLICIT_RETAIN_SELF = YES;
				CLANG_WARN_OBJC_LITERAL_CONVERSION = YES;
				CLANG_WARN_OBJC_ROOT_CLASS = YES_ERROR;
				CLANG_WARN_QUOTED_INCLUDE_IN_FRAMEWORK_HEADER = YES;
				CLANG_WARN_RANGE_LOOP_ANALYSIS = YES;
				CLANG_WARN_STRICT_PROTOTYPES = YES;
				CLANG_WARN_SUSPICIOUS_MOVE = YES;
				CLANG_WARN_UNGUARDED_AVAILABILITY = YES_AGGRESSIVE;
				CLANG_WARN_UNREACHABLE_CODE = YES;
				CLANG_WARN__DUPLICATE_METHOD_MATCH = YES;
				COPY_PHASE_STRIP = NO;
				DEBUG_INFORMATION_FORMAT = dwarf;
				ENABLE_STRICT_OBJC_MSGSEND = YES;
				ENABLE_TESTABILITY = YES;
				ENABLE_USER_SCRIPT_SANDBOXING = YES;
				GCC_C_LANGUAGE_STANDARD = gnu17;
				GCC_DYNAMIC_NO_PIC = NO;
				GCC_NO_COMMON_BLOCKS = YES;
				GCC_OPTIMIZATION_LEVEL = 0;
				GCC_PREPROCESSOR_DEFINITIONS = (
					"DEBUG=1",
					"$(inherited)",
				);
				GCC_WARN_64_TO_32_BIT_CONVERSION = YES;
				GCC_WARN_ABOUT_RETURN_TYPE = YES_ERROR;
				GCC_WARN_UNDECLARED_SELECTOR = YES;
				GCC_WARN_UNINITIALIZED_AUTOS = YES_AGGRESSIVE;
				GCC_WARN_UNUSED_FUNCTION = YES;
				GCC_WARN_UNUSED_VARIABLE = YES;
				IPHONEOS_DEPLOYMENT_TARGET = 18.0;
				LOCALIZATION_PREFERS_STRING_CATALOGS = YES;
				MTL_ENABLE_DEBUG_INFO = INCLUDE_SOURCE;
				MTL_FAST_MATH = YES;
				ONLY_ACTIVE_ARCH = YES;
				SDKROOT = iphoneos;
				SWIFT_ACTIVE_COMPILATION_CONDITIONS = "DEBUG $(inherited)";
				SWIFT_OPTIMIZATION_LEVEL = "-Onone";
			};
			name = Debug;
		};
		E7FFFC742CCCF25F001DEEC5 /* Release */ = {
			isa = XCBuildConfiguration;
			buildSettings = {
				ALWAYS_SEARCH_USER_PATHS = NO;
				ASSETCATALOG_COMPILER_GENERATE_SWIFT_ASSET_SYMBOL_EXTENSIONS = YES;
				CLANG_ANALYZER_NONNULL = YES;
				CLANG_ANALYZER_NUMBER_OBJECT_CONVERSION = YES_AGGRESSIVE;
				CLANG_CXX_LANGUAGE_STANDARD = "gnu++20";
				CLANG_ENABLE_MODULES = YES;
				CLANG_ENABLE_OBJC_ARC = YES;
				CLANG_ENABLE_OBJC_WEAK = YES;
				CLANG_WARN_BLOCK_CAPTURE_AUTORELEASING = YES;
				CLANG_WARN_BOOL_CONVERSION = YES;
				CLANG_WARN_COMMA = YES;
				CLANG_WARN_CONSTANT_CONVERSION = YES;
				CLANG_WARN_DEPRECATED_OBJC_IMPLEMENTATIONS = YES;
				CLANG_WARN_DIRECT_OBJC_ISA_USAGE = YES_ERROR;
				CLANG_WARN_DOCUMENTATION_COMMENTS = YES;
				CLANG_WARN_EMPTY_BODY = YES;
				CLANG_WARN_ENUM_CONVERSION = YES;
				CLANG_WARN_INFINITE_RECURSION = YES;
				CLANG_WARN_INT_CONVERSION = YES;
				CLANG_WARN_NON_LITERAL_NULL_CONVERSION = YES;
				CLANG_WARN_OBJC_IMPLICIT_RETAIN_SELF = YES;
				CLANG_WARN_OBJC_LITERAL_CONVERSION = YES;
				CLANG_WARN_OBJC_ROOT_CLASS = YES_ERROR;
				CLANG_WARN_QUOTED_INCLUDE_IN_FRAMEWORK_HEADER = YES;
				CLANG_WARN_RANGE_LOOP_ANALYSIS = YES;
				CLANG_WARN_STRICT_PROTOTYPES = YES;
				CLANG_WARN_SUSPICIOUS_MOVE = YES;
				CLANG_WARN_UNGUARDED_AVAILABILITY = YES_AGGRESSIVE;
				CLANG_WARN_UNREACHABLE_CODE = YES;
				CLANG_WARN__DUPLICATE_METHOD_MATCH = YES;
				COPY_PHASE_STRIP = NO;
				DEBUG_INFORMATION_FORMAT = "dwarf-with-dsym";
				ENABLE_NS_ASSERTIONS = NO;
				ENABLE_STRICT_OBJC_MSGSEND = YES;
				ENABLE_USER_SCRIPT_SANDBOXING = YES;
				GCC_C_LANGUAGE_STANDARD = gnu17;
				GCC_NO_COMMON_BLOCKS = YES;
				GCC_WARN_64_TO_32_BIT_CONVERSION = YES;
				GCC_WARN_ABOUT_RETURN_TYPE = YES_ERROR;
				GCC_WARN_UNDECLARED_SELECTOR = YES;
				GCC_WARN_UNINITIALIZED_AUTOS = YES_AGGRESSIVE;
				GCC_WARN_UNUSED_FUNCTION = YES;
				GCC_WARN_UNUSED_VARIABLE = YES;
				IPHONEOS_DEPLOYMENT_TARGET = 18.0;
				LOCALIZATION_PREFERS_STRING_CATALOGS = YES;
				MTL_ENABLE_DEBUG_INFO = NO;
				MTL_FAST_MATH = YES;
				SDKROOT = iphoneos;
				SWIFT_COMPILATION_MODE = wholemodule;
				VALIDATE_PRODUCT = YES;
			};
			name = Release;
		};
		E7FFFC762CCCF25F001DEEC5 /* Debug */ = {
			isa = XCBuildConfiguration;
			buildSettings = {
				ASSETCATALOG_COMPILER_APPICON_NAME = AppIcon;
				ASSETCATALOG_COMPILER_GLOBAL_ACCENT_COLOR_NAME = AccentColor;
				CODE_SIGN_STYLE = Automatic;
				CURRENT_PROJECT_VERSION = 1;
				DEVELOPMENT_ASSET_PATHS = "\"Valent/Preview Content\"";
				ENABLE_PREVIEWS = YES;
				GENERATE_INFOPLIST_FILE = YES;
				INFOPLIST_KEY_UIApplicationSceneManifest_Generation = YES;
				INFOPLIST_KEY_UIApplicationSupportsIndirectInputEvents = YES;
				INFOPLIST_KEY_UILaunchScreen_Generation = YES;
				INFOPLIST_KEY_UISupportedInterfaceOrientations_iPad = "UIInterfaceOrientationPortrait UIInterfaceOrientationPortraitUpsideDown UIInterfaceOrientationLandscapeLeft UIInterfaceOrientationLandscapeRight";
				INFOPLIST_KEY_UISupportedInterfaceOrientations_iPhone = "UIInterfaceOrientationPortrait UIInterfaceOrientationLandscapeLeft UIInterfaceOrientationLandscapeRight";
				LD_RUNPATH_SEARCH_PATHS = (
					"$(inherited)",
					"@executable_path/Frameworks",
				);
				MARKETING_VERSION = 1.0;
				PRODUCT_BUNDLE_IDENTIFIER = Val.Valent;
				PRODUCT_NAME = "$(TARGET_NAME)";
				SWIFT_EMIT_LOC_STRINGS = YES;
				SWIFT_VERSION = 5.0;
				TARGETED_DEVICE_FAMILY = "1,2";
			};
			name = Debug;
		};
		E7FFFC772CCCF25F001DEEC5 /* Release */ = {
			isa = XCBuildConfiguration;
			buildSettings = {
				ASSETCATALOG_COMPILER_APPICON_NAME = AppIcon;
				ASSETCATALOG_COMPILER_GLOBAL_ACCENT_COLOR_NAME = AccentColor;
				CODE_SIGN_STYLE = Automatic;
				CURRENT_PROJECT_VERSION = 1;
				DEVELOPMENT_ASSET_PATHS = "\"Valent/Preview Content\"";
				ENABLE_PREVIEWS = YES;
				GENERATE_INFOPLIST_FILE = YES;
				INFOPLIST_KEY_UIApplicationSceneManifest_Generation = YES;
				INFOPLIST_KEY_UIApplicationSupportsIndirectInputEvents = YES;
				INFOPLIST_KEY_UILaunchScreen_Generation = YES;
				INFOPLIST_KEY_UISupportedInterfaceOrientations_iPad = "UIInterfaceOrientationPortrait UIInterfaceOrientationPortraitUpsideDown UIInterfaceOrientationLandscapeLeft UIInterfaceOrientationLandscapeRight";
				INFOPLIST_KEY_UISupportedInterfaceOrientations_iPhone = "UIInterfaceOrientationPortrait UIInterfaceOrientationLandscapeLeft UIInterfaceOrientationLandscapeRight";
				LD_RUNPATH_SEARCH_PATHS = (
					"$(inherited)",
					"@executable_path/Frameworks",
				);
				MARKETING_VERSION = 1.0;
				PRODUCT_BUNDLE_IDENTIFIER = Val.Valent;
				PRODUCT_NAME = "$(TARGET_NAME)";
				SWIFT_EMIT_LOC_STRINGS = YES;
				SWIFT_VERSION = 5.0;
				TARGETED_DEVICE_FAMILY = "1,2";
			};
			name = Release;
		};
		E7FFFC792CCCF25F001DEEC5 /* Debug */ = {
			isa = XCBuildConfiguration;
			buildSettings = {
				BUNDLE_LOADER = "$(TEST_HOST)";
				CODE_SIGN_STYLE = Automatic;
				CURRENT_PROJECT_VERSION = 1;
				GENERATE_INFOPLIST_FILE = YES;
				IPHONEOS_DEPLOYMENT_TARGET = 18.0;
				MARKETING_VERSION = 1.0;
				PRODUCT_BUNDLE_IDENTIFIER = Val.ValentTests;
				PRODUCT_NAME = "$(TARGET_NAME)";
				SWIFT_EMIT_LOC_STRINGS = NO;
				SWIFT_VERSION = 5.0;
				TARGETED_DEVICE_FAMILY = "1,2";
				TEST_HOST = "$(BUILT_PRODUCTS_DIR)/Valent.app/$(BUNDLE_EXECUTABLE_FOLDER_PATH)/Valent";
			};
			name = Debug;
		};
		E7FFFC7A2CCCF25F001DEEC5 /* Release */ = {
			isa = XCBuildConfiguration;
			buildSettings = {
				BUNDLE_LOADER = "$(TEST_HOST)";
				CODE_SIGN_STYLE = Automatic;
				CURRENT_PROJECT_VERSION = 1;
				GENERATE_INFOPLIST_FILE = YES;
				IPHONEOS_DEPLOYMENT_TARGET = 18.0;
				MARKETING_VERSION = 1.0;
				PRODUCT_BUNDLE_IDENTIFIER = Val.ValentTests;
				PRODUCT_NAME = "$(TARGET_NAME)";
				SWIFT_EMIT_LOC_STRINGS = NO;
				SWIFT_VERSION = 5.0;
				TARGETED_DEVICE_FAMILY = "1,2";
				TEST_HOST = "$(BUILT_PRODUCTS_DIR)/Valent.app/$(BUNDLE_EXECUTABLE_FOLDER_PATH)/Valent";
			};
			name = Release;
		};
		E7FFFC7C2CCCF25F001DEEC5 /* Debug */ = {
			isa = XCBuildConfiguration;
			buildSettings = {
				CODE_SIGN_STYLE = Automatic;
				CURRENT_PROJECT_VERSION = 1;
				GENERATE_INFOPLIST_FILE = YES;
				MARKETING_VERSION = 1.0;
				PRODUCT_BUNDLE_IDENTIFIER = Val.ValentUITests;
				PRODUCT_NAME = "$(TARGET_NAME)";
				SWIFT_EMIT_LOC_STRINGS = NO;
				SWIFT_VERSION = 5.0;
				TARGETED_DEVICE_FAMILY = "1,2";
				TEST_TARGET_NAME = Valent;
			};
			name = Debug;
		};
		E7FFFC7D2CCCF25F001DEEC5 /* Release */ = {
			isa = XCBuildConfiguration;
			buildSettings = {
				CODE_SIGN_STYLE = Automatic;
				CURRENT_PROJECT_VERSION = 1;
				GENERATE_INFOPLIST_FILE = YES;
				MARKETING_VERSION = 1.0;
				PRODUCT_BUNDLE_IDENTIFIER = Val.ValentUITests;
				PRODUCT_NAME = "$(TARGET_NAME)";
				SWIFT_EMIT_LOC_STRINGS = NO;
				SWIFT_VERSION = 5.0;
				TARGETED_DEVICE_FAMILY = "1,2";
				TEST_TARGET_NAME = Valent;
			};
			name = Release;
		};
/* End XCBuildConfiguration section */

/* Begin XCConfigurationList section */
		E7FFFC4A2CCCF25D001DEEC5 /* Build configuration list for PBXProject "Valent" */ = {
			isa = XCConfigurationList;
			buildConfigurations = (
				E7FFFC732CCCF25F001DEEC5 /* Debug */,
				E7FFFC742CCCF25F001DEEC5 /* Release */,
			);
			defaultConfigurationIsVisible = 0;
			defaultConfigurationName = Release;
		};
		E7FFFC752CCCF25F001DEEC5 /* Build configuration list for PBXNativeTarget "Valent" */ = {
			isa = XCConfigurationList;
			buildConfigurations = (
				E7FFFC762CCCF25F001DEEC5 /* Debug */,
				E7FFFC772CCCF25F001DEEC5 /* Release */,
			);
			defaultConfigurationIsVisible = 0;
			defaultConfigurationName = Release;
		};
		E7FFFC782CCCF25F001DEEC5 /* Build configuration list for PBXNativeTarget "ValentTests" */ = {
			isa = XCConfigurationList;
			buildConfigurations = (
				E7FFFC792CCCF25F001DEEC5 /* Debug */,
				E7FFFC7A2CCCF25F001DEEC5 /* Release */,
			);
			defaultConfigurationIsVisible = 0;
			defaultConfigurationName = Release;
		};
		E7FFFC7B2CCCF25F001DEEC5 /* Build configuration list for PBXNativeTarget "ValentUITests" */ = {
			isa = XCConfigurationList;
			buildConfigurations = (
				E7FFFC7C2CCCF25F001DEEC5 /* Debug */,
				E7FFFC7D2CCCF25F001DEEC5 /* Release */,
			);
			defaultConfigurationIsVisible = 0;
			defaultConfigurationName = Release;
		};
/* End XCConfigurationList section */
	};
	rootObject = E7FFFC472CCCF25D001DEEC5 /* Project object */;
}
